github.com/coyove/bbolt v1.3.9-0.20240125143137-5711267b6f67 h1:92Md13b7XBTUvCVVBLqkmpexkUFoXEBevlJjyDHdl30=
github.com/coyove/bbolt v1.3.9-0.20240125143137-5711267b6f67/go.mod h1:XpFeI1nakkDbuJ3peA8HArDMDBEjbOmnRrW2SBnNu/M=
github.com/coyove/bbolt v1.3.9-0.20240130083025-6c2a7cffe329 h1:CDiOWkE8cet2gK/iMdw6u5IHUT+lKgfK/gzTOiEsVRg=
github.com/coyove/bbolt v1.3.9-0.20240130083025-6c2a7cffe329/go.mod h1:XpFeI1nakkDbuJ3peA8HArDMDBEjbOmnRrW2SBnNu/M=
github.com/coyove/bbolt v1.3.9-0.20240131074955-c66fd7e27a99 h1:7tJg1kg2gzPJuI3z7t3bzzGxei7QToGKMC5mI8uZosM=
github.com/coyove/bbolt v1.3.9-0.20240131074955-c66fd7e27a99/go.mod h1:XpFeI1nakkDbuJ3peA8HArDMDBEjbOmnRrW2SBnNu/M=
github.com/coyove/bbolt v1.3.9-0.20240206070950-2c43a30ecb8b h1:UojsgGO86DFmzUVAYD0sqLBlf4eCKDr4y0lJL2J774Y=
github.com/coyove/bbolt v1.3.9-0.20240206070950-2c43a30ecb8b/go.mod h1:XpFeI1nakkDbuJ3peA8HArDMDBEjbOmnRrW2SBnNu/M=
github.com/coyove/bbolt v1.3.9-0.20240208001744-5ec677dc8637 h1:jNFuEAgqlFIjYG89SlFRfbBXEiP1B0VnQSORK4eiaf4=
github.com/coyove/bbolt v1.3.9-0.20240208001744-5ec677dc8637/go.mod h1:XpFeI1nakkDbuJ3peA8HArDMDBEjbOmnRrW2SBnNu/M=
github.com/coyove/bbolt v1.3.9-0.20240218023119-12984dab25c2 h1:kqtGHJMsEs4uoz9rs1tAfQ8B59qgFj2WkVwaOd4b+cU=
github.com/coyove/bbolt v1.3.9-0.20240218023119-12984dab25c2/go.mod h1:XpFeI1nakkDbuJ3peA8HArDMDBEjbOmnRrW2SBnNu/M=
github.com/coyove/bbolt v1.3.9-0.20240219084319-ffb594d2e458 h1:SyLLFLHKKllG9ec+pUq5w7CfLab9yK/M+xbbHkzaKXs=
github.com/coyove/bbolt v1.3.9-0.20240219084319-ffb594d2e458/go.mod h1:XpFeI1nakkDbuJ3peA8HArDMDBEjbOmnRrW2SBnNu/M=
github.com/davecgh/go-spew v1.1.1 h1:vj9j/u1bqnvCEfJOwUhtlOARqs3+rkHYY13jYWTU97c=
github.com/davecgh/go-spew v1.1.1/go.mod h1:J7Y8YcW2NihsgmVo/mv3lAwl/skON4iLHjSsI+c5H38=
github.com/pmezard/go-difflib v1.0.0 h1:4DBwDE0NGyQoBHbLQYPwSUPoCMWR5BEzIk/f1lZbAQM=
github.com/pmezard/go-difflib v1.0.0/go.mod h1:iKH77koFhYxTK1pcRnkKkqfTogsbg7gZNVY4sRDYZ/4=
github.com/stretchr/testify v1.8.1 h1:w7B6lhMri9wdJUVmEZPGGhZzrYTPvgJArz7wNPgYKsk=
github.com/stretchr/testify v1.8.1/go.mod h1:w2LPCIKwWwSfY2zedu0+kehJoqGctiVI29o6fzry7u4=
github.com/tidwall/gjson v1.17.0 h1:/Jocvlh98kcTfpN2+JzGQWQcqrPQwDrVEMApx/M5ZwM=
github.com/tidwall/gjson v1.17.0/go.mod h1:/wbyibRr2FHMks5tjHJ5F8dMZh3AcwJEMf5vlfC0lxk=
github.com/tidwall/match v1.1.1 h1:+Ho715JplO36QYgwN9PGYNhgZvoUSc9X2c80KVTi+GA=
github.com/tidwall/match v1.1.1/go.mod h1:eRSPERbgtNPcGhD8UCthc6PmLEQXEWd3PRB5JTxsfmM=
github.com/tidwall/pretty v1.2.0 h1:RWIZEg2iJ8/g6fDDYzMpobmaoGh5OLl4AXtGUGPcqCs=
github.com/tidwall/pretty v1.2.0/go.mod h1:ITEVvHYasfjBbM0u2Pg8T2nJnzm8xPwvNhhsoaGGjNU=
go.etcd.io/bbolt v1.3.8 h1:xs88BrvEv273UsB79e0hcVrlUWmS0a8upikMFhSyAtA=
go.etcd.io/bbolt v1.3.8/go.mod h1:N9Mkw9X8x5fupy0IKsmuqVtoGDyxsaDlbk4Rd05IAQw=
golang.org/x/sys v0.5.0 h1:MUK/U/4lj1t1oPg0HfuXDN/Z1wv31ZJ/YcPiGccS4DU=
golang.org/x/sys v0.5.0/go.mod h1:oPkhp1MJrh7nUepCBck5+mAzfO9JrbApNNgaTdGDITg=
golang.org/x/text v0.14.0 h1:ScX5w1eTa3QqT8oi6+ziP7dTV1S2+ALU0bI+0zXKWiQ=
golang.org/x/text v0.14.0/go.mod h1:18ZOQIKpY8NJVqYksKHtTdi31H5itFRjB5/qKTNYzSU=
gopkg.in/yaml.v3 v3.0.1 h1:fxVm/GzAzEWqLHuvctI91KS9hhNmmWOoWu0XTYJS7CA=
gopkg.in/yaml.v3 v3.0.1/go.mod h1:K4uyk7z7BCEPqu6E+C64Yfv1cQ7kz7rIZviUmN+EgEM=
